
Microsoft Visual Studio Solution File, Format Version 12.00
# Visual Studio Version 16
VisualStudioVersion = 16.0.28407.52
MinimumVisualStudioVersion = 10.0.40219.1
Project("{9A19103F-16F7-4668-BE54-9A1E7A4F7556}") = "CryptoSystems.Core", "CryptoSystems.Core\CryptoSystems.Core.csproj", "{18E59F1C-42CC-44B8-A43F-14988EE596EB}"
EndProject
Project("{9A19103F-16F7-4668-BE54-9A1E7A4F7556}") = "CryptoSystems.ConsoleApp", "CryptoSystems.Console\CryptoSystems.ConsoleApp.csproj", "{FECC48C2-74CA-4416-B241-572DA16BEAAD}"
EndProject
Project("{9A19103F-16F7-4668-BE54-9A1E7A4F7556}") = "CryptoSystems.UI", "CryptoSystems.UI\CryptoSystems.UI.csproj", "{F8AA8351-6840-4C21-8674-0EB779018612}"
EndProject
Project("{9A19103F-16F7-4668-BE54-9A1E7A4F7556}") = "CryptoSystems.Tests", "CryptoSystems.Tests\CryptoSystems.Tests.csproj", "{ED685804-DDFE-4FD4-B4A1-B00F11F91BAC}"
EndProject
Global
	GlobalSection(SolutionConfigurationPlatforms) = preSolution
		Debug|Any CPU = Debug|Any CPU
		Release|Any CPU = Release|Any CPU
	EndGlobalSection
	GlobalSection(ProjectConfigurationPlatforms) = postSolution
		{18E59F1C-42CC-44B8-A43F-14988EE596EB}.Debug|Any CPU.ActiveCfg = Debug|Any CPU
		{18E59F1C-42CC-44B8-A43F-14988EE596EB}.Debug|Any CPU.Build.0 = Debug|Any CPU
		{18E59F1C-42CC-44B8-A43F-14988EE596EB}.Release|Any CPU.ActiveCfg = Release|Any CPU
		{18E59F1C-42CC-44B8-A43F-14988EE596EB}.Release|Any CPU.Build.0 = Release|Any CPU
		{FECC48C2-74CA-4416-B241-572DA16BEAAD}.Debug|Any CPU.ActiveCfg = Debug|Any CPU
		{FECC48C2-74CA-4416-B241-572DA16BEAAD}.Debug|Any CPU.Build.0 = Debug|Any CPU
		{FECC48C2-74CA-4416-B241-572DA16BEAAD}.Release|Any CPU.ActiveCfg = Release|Any CPU
		{FECC48C2-74CA-4416-B241-572DA16BEAAD}.Release|Any CPU.Build.0 = Release|Any CPU
		{F8AA8351-6840-4C21-8674-0EB779018612}.Debug|Any CPU.ActiveCfg = Debug|Any CPU
		{F8AA8351-6840-4C21-8674-0EB779018612}.Debug|Any CPU.Build.0 = Debug|Any CPU
		{F8AA8351-6840-4C21-8674-0EB779018612}.Release|Any CPU.ActiveCfg = Release|Any CPU
		{F8AA8351-6840-4C21-8674-0EB779018612}.Release|Any CPU.Build.0 = Release|Any CPU
		{ED685804-DDFE-4FD4-B4A1-B00F11F91BAC}.Debug|Any CPU.ActiveCfg = Debug|Any CPU
		{ED685804-DDFE-4FD4-B4A1-B00F11F91BAC}.Debug|Any CPU.Build.0 = Debug|Any CPU
		{ED685804-DDFE-4FD4-B4A1-B00F11F91BAC}.Release|Any CPU.ActiveCfg = Release|Any CPU
		{ED685804-DDFE-4FD4-B4A1-B00F11F91BAC}.Release|Any CPU.Build.0 = Release|Any CPU
	EndGlobalSection
	GlobalSection(SolutionProperties) = preSolution
		HideSolutionNode = FALSE
	EndGlobalSection
	GlobalSection(ExtensibilityGlobals) = postSolution
		SolutionGuid = {236A0FE7-2924-4E23-BCA4-3B32100434A6}
	EndGlobalSection
EndGlobal
